// !$*UTF8*$!
{
	archiveVersion = 1;
	classes = {
	};
	objectVersion = 56;
	objects = {

/* Begin PBXBuildFile section */
		2D47977F2CA0756D008A7D78 /* SwiftUI_WeatherApp.swift in Sources */ = {isa = PBXBuildFile; fileRef = 2D47977E2CA0756D008A7D78 /* SwiftUI_WeatherApp.swift */; };
		2D4797812CA0756D008A7D78 /* HomeView.swift in Sources */ = {isa = PBXBuildFile; fileRef = 2D4797802CA0756D008A7D78 /* HomeView.swift */; };
		2D4797832CA0756F008A7D78 /* Assets.xcassets in Resources */ = {isa = PBXBuildFile; fileRef = 2D4797822CA0756F008A7D78 /* Assets.xcassets */; };
		2D4797862CA0756F008A7D78 /* Preview Assets.xcassets in Resources */ = {isa = PBXBuildFile; fileRef = 2D4797852CA0756F008A7D78 /* Preview Assets.xcassets */; };
		2D47978D2CA08A6E008A7D78 /* CustomTabBarView.swift in Sources */ = {isa = PBXBuildFile; fileRef = 2D47978C2CA08A6E008A7D78 /* CustomTabBarView.swift */; };
		2D47978F2CA08E5F008A7D78 /* MapView.swift in Sources */ = {isa = PBXBuildFile; fileRef = 2D47978E2CA08E5F008A7D78 /* MapView.swift */; };
		2D4797912CA08E66008A7D78 /* ListView.swift in Sources */ = {isa = PBXBuildFile; fileRef = 2D4797902CA08E66008A7D78 /* ListView.swift */; };
		2DE788AA2CAAE3B600050E04 /* WeatherRepository.swift in Sources */ = {isa = PBXBuildFile; fileRef = 2DE788A92CAAE3B600050E04 /* WeatherRepository.swift */; };
		2DE788AC2CAAE3E300050E04 /* WeatherUseCase.swift in Sources */ = {isa = PBXBuildFile; fileRef = 2DE788AB2CAAE3E300050E04 /* WeatherUseCase.swift */; };
		2DE788AE2CAAE42E00050E04 /* WeatherViewModel.swift in Sources */ = {isa = PBXBuildFile; fileRef = 2DE788AD2CAAE42E00050E04 /* WeatherViewModel.swift */; };
		2DE788B02CAAE5CA00050E04 /* WeatherType.swift in Sources */ = {isa = PBXBuildFile; fileRef = 2DE788AF2CAAE5CA00050E04 /* WeatherType.swift */; };
		2DE788B22CAAE97D00050E04 /* DailyWeatherModel.swift in Sources */ = {isa = PBXBuildFile; fileRef = 2DE788B12CAAE97D00050E04 /* DailyWeatherModel.swift */; };
		2DE788B62CAAEAE000050E04 /* SunStatusType.swift in Sources */ = {isa = PBXBuildFile; fileRef = 2DE788B52CAAEAE000050E04 /* SunStatusType.swift */; };
/* End PBXBuildFile section */

/* Begin PBXFileReference section */
		2D47977B2CA0756D008A7D78 /* SwiftUI_WeatherApp.app */ = {isa = PBXFileReference; explicitFileType = wrapper.application; includeInIndex = 0; path = SwiftUI_WeatherApp.app; sourceTree = BUILT_PRODUCTS_DIR; };
		2D47977E2CA0756D008A7D78 /* SwiftUI_WeatherApp.swift */ = {isa = PBXFileReference; lastKnownFileType = sourcecode.swift; path = SwiftUI_WeatherApp.swift; sourceTree = "<group>"; };
		2D4797802CA0756D008A7D78 /* HomeView.swift */ = {isa = PBXFileReference; lastKnownFileType = sourcecode.swift; path = HomeView.swift; sourceTree = "<group>"; };
		2D4797822CA0756F008A7D78 /* Assets.xcassets */ = {isa = PBXFileReference; lastKnownFileType = folder.assetcatalog; path = Assets.xcassets; sourceTree = "<group>"; };
		2D4797852CA0756F008A7D78 /* Preview Assets.xcassets */ = {isa = PBXFileReference; lastKnownFileType = folder.assetcatalog; path = "Preview Assets.xcassets"; sourceTree = "<group>"; };
		2D47978C2CA08A6E008A7D78 /* CustomTabBarView.swift */ = {isa = PBXFileReference; lastKnownFileType = sourcecode.swift; path = CustomTabBarView.swift; sourceTree = "<group>"; };
		2D47978E2CA08E5F008A7D78 /* MapView.swift */ = {isa = PBXFileReference; lastKnownFileType = sourcecode.swift; path = MapView.swift; sourceTree = "<group>"; };
		2D4797902CA08E66008A7D78 /* ListView.swift */ = {isa = PBXFileReference; lastKnownFileType = sourcecode.swift; path = ListView.swift; sourceTree = "<group>"; };
		2DE788A92CAAE3B600050E04 /* WeatherRepository.swift */ = {isa = PBXFileReference; lastKnownFileType = sourcecode.swift; path = WeatherRepository.swift; sourceTree = "<group>"; };
		2DE788AB2CAAE3E300050E04 /* WeatherUseCase.swift */ = {isa = PBXFileReference; lastKnownFileType = sourcecode.swift; path = WeatherUseCase.swift; sourceTree = "<group>"; };
		2DE788AD2CAAE42E00050E04 /* WeatherViewModel.swift */ = {isa = PBXFileReference; lastKnownFileType = sourcecode.swift; path = WeatherViewModel.swift; sourceTree = "<group>"; };
		2DE788AF2CAAE5CA00050E04 /* WeatherType.swift */ = {isa = PBXFileReference; lastKnownFileType = sourcecode.swift; path = WeatherType.swift; sourceTree = "<group>"; };
		2DE788B12CAAE97D00050E04 /* DailyWeatherModel.swift */ = {isa = PBXFileReference; lastKnownFileType = sourcecode.swift; path = DailyWeatherModel.swift; sourceTree = "<group>"; };
		2DE788B52CAAEAE000050E04 /* SunStatusType.swift */ = {isa = PBXFileReference; lastKnownFileType = sourcecode.swift; path = SunStatusType.swift; sourceTree = "<group>"; };
/* End PBXFileReference section */

/* Begin PBXFrameworksBuildPhase section */
		2D4797782CA0756D008A7D78 /* Frameworks */ = {
			isa = PBXFrameworksBuildPhase;
			buildActionMask = 2147483647;
			files = (
			);
			runOnlyForDeploymentPostprocessing = 0;
		};
/* End PBXFrameworksBuildPhase section */

/* Begin PBXGroup section */
		2D4797722CA0756D008A7D78 = {
			isa = PBXGroup;
			children = (
				2D47977D2CA0756D008A7D78 /* SwiftUI_WeatherApp */,
				2D47977C2CA0756D008A7D78 /* Products */,
			);
			sourceTree = "<group>";
		};
		2D47977C2CA0756D008A7D78 /* Products */ = {
			isa = PBXGroup;
			children = (
				2D47977B2CA0756D008A7D78 /* SwiftUI_WeatherApp.app */,
			);
			name = Products;
			sourceTree = "<group>";
		};
		2D47977D2CA0756D008A7D78 /* SwiftUI_WeatherApp */ = {
			isa = PBXGroup;
			children = (
				2D47977E2CA0756D008A7D78 /* SwiftUI_WeatherApp.swift */,
				2DE788BF2CAAF1AE00050E04 /* Resource */,
				2DE788C12CAAF1DA00050E04 /* Source */,
				2D4797822CA0756F008A7D78 /* Assets.xcassets */,
				2D4797842CA0756F008A7D78 /* Preview Content */,
			);
			path = SwiftUI_WeatherApp;
			sourceTree = "<group>";
		};
		2D4797842CA0756F008A7D78 /* Preview Content */ = {
			isa = PBXGroup;
			children = (
				2D4797852CA0756F008A7D78 /* Preview Assets.xcassets */,
			);
			path = "Preview Content";
			sourceTree = "<group>";
		};
		2DD6DCDA2CAAF2CC007A90AD /* Model */ = {
			isa = PBXGroup;
			children = (
				2DE788AF2CAAE5CA00050E04 /* WeatherType.swift */,
				2DE788B52CAAEAE000050E04 /* SunStatusType.swift */,
			);
			path = Model;
			sourceTree = "<group>";
		};
		2DE788B32CAAE98100050E04 /* Model */ = {
			isa = PBXGroup;
			children = (
				2DE788B12CAAE97D00050E04 /* DailyWeatherModel.swift */,
			);
			path = Model;
			sourceTree = "<group>";
		};
		2DE788B42CAAE98900050E04 /* ViewModel */ = {
			isa = PBXGroup;
			children = (
				2DE788AD2CAAE42E00050E04 /* WeatherViewModel.swift */,
			);
			path = ViewModel;
			sourceTree = "<group>";
		};
		2DE788BA2CAAF0D400050E04 /* Home */ = {
			isa = PBXGroup;
			children = (
				2DE788BB2CAAF0DF00050E04 /* View */,
				2DE788B42CAAE98900050E04 /* ViewModel */,
				2DE788B32CAAE98100050E04 /* Model */,
			);
			path = Home;
			sourceTree = "<group>";
		};
		2DE788BB2CAAF0DF00050E04 /* View */ = {
			isa = PBXGroup;
			children = (
				2D4797802CA0756D008A7D78 /* HomeView.swift */,
			);
			path = View;
			sourceTree = "<group>";
		};
		2DE788BC2CAAF17700050E04 /* Presentation */ = {
			isa = PBXGroup;
			children = (
				2DE788C02CAAF1C900050E04 /* Tabbar */,
				2DE788BA2CAAF0D400050E04 /* Home */,
				2DE788BD2CAAF17E00050E04 /* Map */,
				2DE788BE2CAAF18800050E04 /* List */,
			);
			path = Presentation;
			sourceTree = "<group>";
		};
		2DE788BD2CAAF17E00050E04 /* Map */ = {
			isa = PBXGroup;
			children = (
				2D47978E2CA08E5F008A7D78 /* MapView.swift */,
			);
			path = Map;
			sourceTree = "<group>";
		};
		2DE788BE2CAAF18800050E04 /* List */ = {
			isa = PBXGroup;
			children = (
				2D4797902CA08E66008A7D78 /* ListView.swift */,
			);
			path = List;
			sourceTree = "<group>";
		};
		2DE788BF2CAAF1AE00050E04 /* Resource */ = {
			isa = PBXGroup;
			children = (
			);
			path = Resource;
			sourceTree = "<group>";
		};
		2DE788C02CAAF1C900050E04 /* Tabbar */ = {
			isa = PBXGroup;
			children = (
				2D47978C2CA08A6E008A7D78 /* CustomTabBarView.swift */,
			);
			path = Tabbar;
			sourceTree = "<group>";
		};
		2DE788C12CAAF1DA00050E04 /* Source */ = {
			isa = PBXGroup;
			children = (
				2DE788C22CAAF1F900050E04 /* Data */,
				2DE788BC2CAAF17700050E04 /* Presentation */,
			);
			path = Source;
			sourceTree = "<group>";
		};
		2DE788C22CAAF1F900050E04 /* Data */ = {
			isa = PBXGroup;
			children = (
				2DD6DCDA2CAAF2CC007A90AD /* Model */,
				2DE788C42CAAF21600050E04 /* UseCase */,
				2DE788C32CAAF20600050E04 /* Repository */,
			);
			path = Data;
			sourceTree = "<group>";
		};
		2DE788C32CAAF20600050E04 /* Repository */ = {
			isa = PBXGroup;
			children = (
				2DE788A92CAAE3B600050E04 /* WeatherRepository.swift */,
			);
			path = Repository;
			sourceTree = "<group>";
		};
		2DE788C42CAAF21600050E04 /* UseCase */ = {
			isa = PBXGroup;
			children = (
				2DE788AB2CAAE3E300050E04 /* WeatherUseCase.swift */,
			);
			path = UseCase;
			sourceTree = "<group>";
		};
/* End PBXGroup section */

/* Begin PBXNativeTarget section */
		2D47977A2CA0756D008A7D78 /* SwiftUI_WeatherApp */ = {
			isa = PBXNativeTarget;
			buildConfigurationList = 2D4797892CA0756F008A7D78 /* Build configuration list for PBXNativeTarget "SwiftUI_WeatherApp" */;
			buildPhases = (
				2D4797772CA0756D008A7D78 /* Sources */,
				2D4797782CA0756D008A7D78 /* Frameworks */,
				2D4797792CA0756D008A7D78 /* Resources */,
			);
			buildRules = (
			);
			dependencies = (
			);
			name = SwiftUI_WeatherApp;
			productName = SwiftUI_WeatherApp;
			productReference = 2D47977B2CA0756D008A7D78 /* SwiftUI_WeatherApp.app */;
			productType = "com.apple.product-type.application";
		};
/* End PBXNativeTarget section */

/* Begin PBXProject section */
		2D4797732CA0756D008A7D78 /* Project object */ = {
			isa = PBXProject;
			attributes = {
				BuildIndependentTargetsInParallel = 1;
				LastSwiftUpdateCheck = 1500;
				LastUpgradeCheck = 1500;
				TargetAttributes = {
					2D47977A2CA0756D008A7D78 = {
						CreatedOnToolsVersion = 15.0.1;
					};
				};
			};
			buildConfigurationList = 2D4797762CA0756D008A7D78 /* Build configuration list for PBXProject "SwiftUI_WeatherApp" */;
			compatibilityVersion = "Xcode 14.0";
			developmentRegion = en;
			hasScannedForEncodings = 0;
			knownRegions = (
				en,
				Base,
			);
			mainGroup = 2D4797722CA0756D008A7D78;
			productRefGroup = 2D47977C2CA0756D008A7D78 /* Products */;
			projectDirPath = "";
			projectRoot = "";
			targets = (
				2D47977A2CA0756D008A7D78 /* SwiftUI_WeatherApp */,
			);
		};
/* End PBXProject section */

/* Begin PBXResourcesBuildPhase section */
		2D4797792CA0756D008A7D78 /* Resources */ = {
			isa = PBXResourcesBuildPhase;
			buildActionMask = 2147483647;
			files = (
				2D4797862CA0756F008A7D78 /* Preview Assets.xcassets in Resources */,
				2D4797832CA0756F008A7D78 /* Assets.xcassets in Resources */,
			);
			runOnlyForDeploymentPostprocessing = 0;
		};
/* End PBXResourcesBuildPhase section */

/* Begin PBXSourcesBuildPhase section */
		2D4797772CA0756D008A7D78 /* Sources */ = {
			isa = PBXSourcesBuildPhase;
			buildActionMask = 2147483647;
			files = (
				2DE788AC2CAAE3E300050E04 /* WeatherUseCase.swift in Sources */,
				2DE788AA2CAAE3B600050E04 /* WeatherRepository.swift in Sources */,
				2D47978D2CA08A6E008A7D78 /* CustomTabBarView.swift in Sources */,
				2D47978F2CA08E5F008A7D78 /* MapView.swift in Sources */,
				2DE788B22CAAE97D00050E04 /* DailyWeatherModel.swift in Sources */,
				2DE788B02CAAE5CA00050E04 /* WeatherType.swift in Sources */,
				2DE788B62CAAEAE000050E04 /* SunStatusType.swift in Sources */,
				2D4797912CA08E66008A7D78 /* ListView.swift in Sources */,
				2DE788AE2CAAE42E00050E04 /* WeatherViewModel.swift in Sources */,
				2D4797812CA0756D008A7D78 /* HomeView.swift in Sources */,
				2D47977F2CA0756D008A7D78 /* SwiftUI_WeatherApp.swift in Sources */,
			);
			runOnlyForDeploymentPostprocessing = 0;
		};
/* End PBXSourcesBuildPhase section */

/* Begin XCBuildConfiguration section */
		2D4797872CA0756F008A7D78 /* Debug */ = {
			isa = XCBuildConfiguration;
			buildSettings = {
				ALWAYS_SEARCH_USER_PATHS = NO;
				ASSETCATALOG_COMPILER_GENERATE_SWIFT_ASSET_SYMBOL_EXTENSIONS = YES;
				CLANG_ANALYZER_NONNULL = YES;
				CLANG_ANALYZER_NUMBER_OBJECT_CONVERSION = YES_AGGRESSIVE;
				CLANG_CXX_LANGUAGE_STANDARD = "gnu++20";
				CLANG_ENABLE_MODULES = YES;
				CLANG_ENABLE_OBJC_ARC = YES;
				CLANG_ENABLE_OBJC_WEAK = YES;
				CLANG_WARN_BLOCK_CAPTURE_AUTORELEASING = YES;
				CLANG_WARN_BOOL_CONVERSION = YES;
				CLANG_WARN_COMMA = YES;
				CLANG_WARN_CONSTANT_CONVERSION = YES;
				CLANG_WARN_DEPRECATED_OBJC_IMPLEMENTATIONS = YES;
				CLANG_WARN_DIRECT_OBJC_ISA_USAGE = YES_ERROR;
				CLANG_WARN_DOCUMENTATION_COMMENTS = YES;
				CLANG_WARN_EMPTY_BODY = YES;
				CLANG_WARN_ENUM_CONVERSION = YES;
				CLANG_WARN_INFINITE_RECURSION = YES;
				CLANG_WARN_INT_CONVERSION = YES;
				CLANG_WARN_NON_LITERAL_NULL_CONVERSION = YES;
				CLANG_WARN_OBJC_IMPLICIT_RETAIN_SELF = YES;
				CLANG_WARN_OBJC_LITERAL_CONVERSION = YES;
				CLANG_WARN_OBJC_ROOT_CLASS = YES_ERROR;
				CLANG_WARN_QUOTED_INCLUDE_IN_FRAMEWORK_HEADER = YES;
				CLANG_WARN_RANGE_LOOP_ANALYSIS = YES;
				CLANG_WARN_STRICT_PROTOTYPES = YES;
				CLANG_WARN_SUSPICIOUS_MOVE = YES;
				CLANG_WARN_UNGUARDED_AVAILABILITY = YES_AGGRESSIVE;
				CLANG_WARN_UNREACHABLE_CODE = YES;
				CLANG_WARN__DUPLICATE_METHOD_MATCH = YES;
				COPY_PHASE_STRIP = NO;
				DEBUG_INFORMATION_FORMAT = dwarf;
				ENABLE_STRICT_OBJC_MSGSEND = YES;
				ENABLE_TESTABILITY = YES;
				ENABLE_USER_SCRIPT_SANDBOXING = YES;
				GCC_C_LANGUAGE_STANDARD = gnu17;
				GCC_DYNAMIC_NO_PIC = NO;
				GCC_NO_COMMON_BLOCKS = YES;
				GCC_OPTIMIZATION_LEVEL = 0;
				GCC_PREPROCESSOR_DEFINITIONS = (
					"DEBUG=1",
					"$(inherited)",
				);
				GCC_WARN_64_TO_32_BIT_CONVERSION = YES;
				GCC_WARN_ABOUT_RETURN_TYPE = YES_ERROR;
				GCC_WARN_UNDECLARED_SELECTOR = YES;
				GCC_WARN_UNINITIALIZED_AUTOS = YES_AGGRESSIVE;
				GCC_WARN_UNUSED_FUNCTION = YES;
				GCC_WARN_UNUSED_VARIABLE = YES;
				IPHONEOS_DEPLOYMENT_TARGET = 17.0;
				LOCALIZATION_PREFERS_STRING_CATALOGS = YES;
				MTL_ENABLE_DEBUG_INFO = INCLUDE_SOURCE;
				MTL_FAST_MATH = YES;
				ONLY_ACTIVE_ARCH = YES;
				SDKROOT = iphoneos;
				SWIFT_ACTIVE_COMPILATION_CONDITIONS = "DEBUG $(inherited)";
				SWIFT_OPTIMIZATION_LEVEL = "-Onone";
			};
			name = Debug;
		};
		2D4797882CA0756F008A7D78 /* Release */ = {
			isa = XCBuildConfiguration;
			buildSettings = {
				ALWAYS_SEARCH_USER_PATHS = NO;
				ASSETCATALOG_COMPILER_GENERATE_SWIFT_ASSET_SYMBOL_EXTENSIONS = YES;
				CLANG_ANALYZER_NONNULL = YES;
				CLANG_ANALYZER_NUMBER_OBJECT_CONVERSION = YES_AGGRESSIVE;
				CLANG_CXX_LANGUAGE_STANDARD = "gnu++20";
				CLANG_ENABLE_MODULES = YES;
				CLANG_ENABLE_OBJC_ARC = YES;
				CLANG_ENABLE_OBJC_WEAK = YES;
				CLANG_WARN_BLOCK_CAPTURE_AUTORELEASING = YES;
				CLANG_WARN_BOOL_CONVERSION = YES;
				CLANG_WARN_COMMA = YES;
				CLANG_WARN_CONSTANT_CONVERSION = YES;
				CLANG_WARN_DEPRECATED_OBJC_IMPLEMENTATIONS = YES;
				CLANG_WARN_DIRECT_OBJC_ISA_USAGE = YES_ERROR;
				CLANG_WARN_DOCUMENTATION_COMMENTS = YES;
				CLANG_WARN_EMPTY_BODY = YES;
				CLANG_WARN_ENUM_CONVERSION = YES;
				CLANG_WARN_INFINITE_RECURSION = YES;
				CLANG_WARN_INT_CONVERSION = YES;
				CLANG_WARN_NON_LITERAL_NULL_CONVERSION = YES;
				CLANG_WARN_OBJC_IMPLICIT_RETAIN_SELF = YES;
				CLANG_WARN_OBJC_LITERAL_CONVERSION = YES;
				CLANG_WARN_OBJC_ROOT_CLASS = YES_ERROR;
				CLANG_WARN_QUOTED_INCLUDE_IN_FRAMEWORK_HEADER = YES;
				CLANG_WARN_RANGE_LOOP_ANALYSIS = YES;
				CLANG_WARN_STRICT_PROTOTYPES = YES;
				CLANG_WARN_SUSPICIOUS_MOVE = YES;
				CLANG_WARN_UNGUARDED_AVAILABILITY = YES_AGGRESSIVE;
				CLANG_WARN_UNREACHABLE_CODE = YES;
				CLANG_WARN__DUPLICATE_METHOD_MATCH = YES;
				COPY_PHASE_STRIP = NO;
				DEBUG_INFORMATION_FORMAT = "dwarf-with-dsym";
				ENABLE_NS_ASSERTIONS = NO;
				ENABLE_STRICT_OBJC_MSGSEND = YES;
				ENABLE_USER_SCRIPT_SANDBOXING = YES;
				GCC_C_LANGUAGE_STANDARD = gnu17;
				GCC_NO_COMMON_BLOCKS = YES;
				GCC_WARN_64_TO_32_BIT_CONVERSION = YES;
				GCC_WARN_ABOUT_RETURN_TYPE = YES_ERROR;
				GCC_WARN_UNDECLARED_SELECTOR = YES;
				GCC_WARN_UNINITIALIZED_AUTOS = YES_AGGRESSIVE;
				GCC_WARN_UNUSED_FUNCTION = YES;
				GCC_WARN_UNUSED_VARIABLE = YES;
				IPHONEOS_DEPLOYMENT_TARGET = 17.0;
				LOCALIZATION_PREFERS_STRING_CATALOGS = YES;
				MTL_ENABLE_DEBUG_INFO = NO;
				MTL_FAST_MATH = YES;
				SDKROOT = iphoneos;
				SWIFT_COMPILATION_MODE = wholemodule;
				VALIDATE_PRODUCT = YES;
			};
			name = Release;
		};
		2D47978A2CA0756F008A7D78 /* Debug */ = {
			isa = XCBuildConfiguration;
			buildSettings = {
				ASSETCATALOG_COMPILER_APPICON_NAME = AppIcon;
				ASSETCATALOG_COMPILER_GLOBAL_ACCENT_COLOR_NAME = AccentColor;
				CODE_SIGN_STYLE = Automatic;
				CURRENT_PROJECT_VERSION = 1;
				DEVELOPMENT_ASSET_PATHS = "\"SwiftUI_WeatherApp/Preview Content\"";
				DEVELOPMENT_TEAM = 3BFLHJ2HKG;
				ENABLE_PREVIEWS = YES;
				GENERATE_INFOPLIST_FILE = YES;
				INFOPLIST_KEY_UIApplicationSceneManifest_Generation = YES;
				INFOPLIST_KEY_UIApplicationSupportsIndirectInputEvents = YES;
				INFOPLIST_KEY_UILaunchScreen_Generation = YES;
				INFOPLIST_KEY_UISupportedInterfaceOrientations_iPad = "UIInterfaceOrientationPortrait UIInterfaceOrientationPortraitUpsideDown UIInterfaceOrientationLandscapeLeft UIInterfaceOrientationLandscapeRight";
				INFOPLIST_KEY_UISupportedInterfaceOrientations_iPhone = "UIInterfaceOrientationPortrait UIInterfaceOrientationLandscapeLeft UIInterfaceOrientationLandscapeRight";
				LD_RUNPATH_SEARCH_PATHS = (
					"$(inherited)",
					"@executable_path/Frameworks",
				);
				MARKETING_VERSION = 1.0;
				PRODUCT_BUNDLE_IDENTIFIER = "uno.SwiftUI-WeatherApp";
				PRODUCT_NAME = "$(TARGET_NAME)";
				SWIFT_EMIT_LOC_STRINGS = YES;
				SWIFT_VERSION = 5.0;
				TARGETED_DEVICE_FAMILY = "1,2";
			};
			name = Debug;
		};
		2D47978B2CA0756F008A7D78 /* Release */ = {
			isa = XCBuildConfiguration;
			buildSettings = {
				ASSETCATALOG_COMPILER_APPICON_NAME = AppIcon;
				ASSETCATALOG_COMPILER_GLOBAL_ACCENT_COLOR_NAME = AccentColor;
				CODE_SIGN_STYLE = Automatic;
				CURRENT_PROJECT_VERSION = 1;
				DEVELOPMENT_ASSET_PATHS = "\"SwiftUI_WeatherApp/Preview Content\"";
				DEVELOPMENT_TEAM = 3BFLHJ2HKG;
				ENABLE_PREVIEWS = YES;
				GENERATE_INFOPLIST_FILE = YES;
				INFOPLIST_KEY_UIApplicationSceneManifest_Generation = YES;
				INFOPLIST_KEY_UIApplicationSupportsIndirectInputEvents = YES;
				INFOPLIST_KEY_UILaunchScreen_Generation = YES;
				INFOPLIST_KEY_UISupportedInterfaceOrientations_iPad = "UIInterfaceOrientationPortrait UIInterfaceOrientationPortraitUpsideDown UIInterfaceOrientationLandscapeLeft UIInterfaceOrientationLandscapeRight";
				INFOPLIST_KEY_UISupportedInterfaceOrientations_iPhone = "UIInterfaceOrientationPortrait UIInterfaceOrientationLandscapeLeft UIInterfaceOrientationLandscapeRight";
				LD_RUNPATH_SEARCH_PATHS = (
					"$(inherited)",
					"@executable_path/Frameworks",
				);
				MARKETING_VERSION = 1.0;
				PRODUCT_BUNDLE_IDENTIFIER = "uno.SwiftUI-WeatherApp";
				PRODUCT_NAME = "$(TARGET_NAME)";
				SWIFT_EMIT_LOC_STRINGS = YES;
				SWIFT_VERSION = 5.0;
				TARGETED_DEVICE_FAMILY = "1,2";
			};
			name = Release;
		};
/* End XCBuildConfiguration section */

/* Begin XCConfigurationList section */
		2D4797762CA0756D008A7D78 /* Build configuration list for PBXProject "SwiftUI_WeatherApp" */ = {
			isa = XCConfigurationList;
			buildConfigurations = (
				2D4797872CA0756F008A7D78 /* Debug */,
				2D4797882CA0756F008A7D78 /* Release */,
			);
			defaultConfigurationIsVisible = 0;
			defaultConfigurationName = Release;
		};
		2D4797892CA0756F008A7D78 /* Build configuration list for PBXNativeTarget "SwiftUI_WeatherApp" */ = {
			isa = XCConfigurationList;
			buildConfigurations = (
				2D47978A2CA0756F008A7D78 /* Debug */,
				2D47978B2CA0756F008A7D78 /* Release */,
			);
			defaultConfigurationIsVisible = 0;
			defaultConfigurationName = Release;
		};
/* End XCConfigurationList section */
	};
	rootObject = 2D4797732CA0756D008A7D78 /* Project object */;
}
